// !$*UTF8*$!
{
	archiveVersion = 1;
	classes = {
	};
	objectVersion = 77;
	objects = {

/* Begin PBXBuildFile section */
		FF0000000000000000000102 /* AddTaskSheet.swift in Sources */ = {isa = PBXBuildFile; fileRef = FF0000000000000000000101 /* AddTaskSheet.swift */; };
		FF0000000000000000000104 /* AppSettings.swift in Sources */ = {isa = PBXBuildFile; fileRef = FF0000000000000000000103 /* AppSettings.swift */; };
		FF0000000000000000000106 /* CalendarSettingsView.swift in Sources */ = {isa = PBXBuildFile; fileRef = FF0000000000000000000105 /* CalendarSettingsView.swift */; };
		FF0000000000000000000108 /* CategoryPickerView.swift in Sources */ = {isa = PBXBuildFile; fileRef = FF0000000000000000000107 /* CategoryPickerView.swift */; };
		FF000000000000000000010A /* Color+Hex.swift in Sources */ = {isa = PBXBuildFile; fileRef = FF0000000000000000000109 /* Color+Hex.swift */; };
		FF000000000000000000010C /* ContentView.swift in Sources */ = {isa = PBXBuildFile; fileRef = FF000000000000000000010B /* ContentView.swift */; };
		FF000000000000000000010E /* DayView.swift in Sources */ = {isa = PBXBuildFile; fileRef = FF000000000000000000010D /* DayView.swift */; };
		FF0000000000000000000110 /* Enums.swift in Sources */ = {isa = PBXBuildFile; fileRef = FF000000000000000000010F /* Enums.swift */; };
		FF0000000000000000000112 /* EventKitService.swift in Sources */ = {isa = PBXBuildFile; fileRef = FF0000000000000000000111 /* EventKitService.swift */; };
		FF0000000000000000000114 /* LocationPickerView.swift in Sources */ = {isa = PBXBuildFile; fileRef = FF0000000000000000000113 /* LocationPickerView.swift */; };
		FF0000000000000000000116 /* MorphCalendar.swift in Sources */ = {isa = PBXBuildFile; fileRef = FF0000000000000000000115 /* MorphCalendar.swift */; };
		FF0000000000000000000118 /* NotificationService.swift in Sources */ = {isa = PBXBuildFile; fileRef = FF0000000000000000000117 /* NotificationService.swift */; };
		FF000000000000000000011A /* PreviewData.swift in Sources */ = {isa = PBXBuildFile; fileRef = FF0000000000000000000119 /* PreviewData.swift */; };
		FF000000000000000000011C /* SupportingModels.swift in Sources */ = {isa = PBXBuildFile; fileRef = FF000000000000000000011B /* SupportingModels.swift */; };
		FF000000000000000000011E /* TaskDetailView.swift in Sources */ = {isa = PBXBuildFile; fileRef = FF000000000000000000011D /* TaskDetailView.swift */; };
		FF0000000000000000000120 /* TaskItem.swift in Sources */ = {isa = PBXBuildFile; fileRef = FF000000000000000000011F /* TaskItem.swift */; };
		FF0000000000000000000122 /* WeatherProvider.swift in Sources */ = {isa = PBXBuildFile; fileRef = FF0000000000000000000121 /* WeatherProvider.swift */; };
		FF0000000000000000000124 /* WeekView.swift in Sources */ = {isa = PBXBuildFile; fileRef = FF0000000000000000000123 /* WeekView.swift */; };
		FF0000000000000000000126 /* YearView.swift in Sources */ = {isa = PBXBuildFile; fileRef = FF0000000000000000000125 /* YearView.swift */; };
		FF0000000000000000000128 /* str_8__ToDoApp.swift in Sources */ = {isa = PBXBuildFile; fileRef = FF0000000000000000000127 /* str_8__ToDoApp.swift */; };
		FF000000000000000000012A /* Assets.xcassets in Resources */ = {isa = PBXBuildFile; fileRef = FF0000000000000000000129 /* Assets.xcassets */; };
		FF000000000000000000012D /* BandModels.swift in Sources */ = {isa = PBXBuildFile; fileRef = FF000000000000000000012C /* BandModels.swift */; };
		FF000000000000000000012F /* TaskCardView.swift in Sources */ = {isa = PBXBuildFile; fileRef = FF000000000000000000012E /* TaskCardView.swift */; };
		FF0000000000000000000131 /* DayAgendaView.swift in Sources */ = {isa = PBXBuildFile; fileRef = FF0000000000000000000130 /* DayAgendaView.swift */; };
		FF0000000000000000000133 /* DayRowBuilder.swift in Sources */ = {isa = PBXBuildFile; fileRef = FF0000000000000000000132 /* DayRowBuilder.swift */; };
		FF0000000000000000000135 /* WeekLayout.swift in Sources */ = {isa = PBXBuildFile; fileRef = FF0000000000000000000134 /* WeekLayout.swift */; };
		FF0000000000000000000137 /* CapsuleOverlay.swift in Sources */ = {isa = PBXBuildFile; fileRef = FF0000000000000000000136 /* CapsuleOverlay.swift */; };
		FF0000000000000000000139 /* SortDeckEngine.swift in Sources */ = {isa = PBXBuildFile; fileRef = FF0000000000000000000138 /* SortDeckEngine.swift */; };
		FF000000000000000000013B /* SortDeckView.swift in Sources */ = {isa = PBXBuildFile; fileRef = FF000000000000000000013A /* SortDeckView.swift */; };
		FF000000000000000000013D /* TodoListView.swift in Sources */ = {isa = PBXBuildFile; fileRef = FF000000000000000000013C /* TodoListView.swift */; };
		FF000000000000000000013F /* Formatting.swift in Sources */ = {isa = PBXBuildFile; fileRef = FF000000000000000000013E /* Formatting.swift */; };
		FF0000000000000000000141 /* FocusSession.swift in Sources */ = {isa = PBXBuildFile; fileRef = FF0000000000000000000140 /* FocusSession.swift */; };
		FF0000000000000000000143 /* HourglassMotion.swift in Sources */ = {isa = PBXBuildFile; fileRef = FF0000000000000000000142 /* HourglassMotion.swift */; };
		FF0000000000000000000145 /* TimerView.swift in Sources */ = {isa = PBXBuildFile; fileRef = FF0000000000000000000144 /* TimerView.swift */; };
		FF0000000000000000000147 /* AlarmService.swift in Sources */ = {isa = PBXBuildFile; fileRef = FF0000000000000000000146 /* AlarmService.swift */; };
		FF0000000000000000000149 /* ApprovalQueueView.swift in Sources */ = {isa = PBXBuildFile; fileRef = FF0000000000000000000148 /* ApprovalQueueView.swift */; };
		FF000000000000000000014B /* ChopDetector.swift in Sources */ = {isa = PBXBuildFile; fileRef = FF000000000000000000014A /* ChopDetector.swift */; };
		FF000000000000000000014D /* PeerSession.swift in Sources */ = {isa = PBXBuildFile; fileRef = FF000000000000000000014C /* PeerSession.swift */; };
		FF000000000000000000014F /* ProximityGate.swift in Sources */ = {isa = PBXBuildFile; fileRef = FF000000000000000000014E /* ProximityGate.swift */; };
		FF0000000000000000000151 /* ApprovalMessage.swift in Sources */ = {isa = PBXBuildFile; fileRef = FF0000000000000000000150 /* ApprovalMessage.swift */; };
/* End PBXBuildFile section */

/* Begin PBXFileReference section */
		A116F6232FE51E57005A6590 /* str(8) ToDo.app */ = {isa = PBXFileReference; explicitFileType = wrapper.application; includeInIndex = 0; path = "str(8) ToDo.app"; sourceTree = BUILT_PRODUCTS_DIR; };
		A116F6B42FECC2F5005A6590 /* str(8) ToDo.entitlements */ = {isa = PBXFileReference; lastKnownFileType = text.plist.entitlements; path = "str(8) ToDo.entitlements"; sourceTree = "<group>"; };
		FF0000000000000000000101 /* AddTaskSheet.swift */ = {isa = PBXFileReference; lastKnownFileType = sourcecode.swift; path = AddTaskSheet.swift; sourceTree = "<group>"; };
		FF0000000000000000000103 /* AppSettings.swift */ = {isa = PBXFileReference; lastKnownFileType = sourcecode.swift; path = AppSettings.swift; sourceTree = "<group>"; };
		FF0000000000000000000105 /* CalendarSettingsView.swift */ = {isa = PBXFileReference; lastKnownFileType = sourcecode.swift; path = CalendarSettingsView.swift; sourceTree = "<group>"; };
		FF0000000000000000000107 /* CategoryPickerView.swift */ = {isa = PBXFileReference; lastKnownFileType = sourcecode.swift; path = CategoryPickerView.swift; sourceTree = "<group>"; };
		FF0000000000000000000109 /* Color+Hex.swift */ = {isa = PBXFileReference; lastKnownFileType = sourcecode.swift; path = "Color+Hex.swift"; sourceTree = "<group>"; };
		FF000000000000000000010B /* ContentView.swift */ = {isa = PBXFileReference; lastKnownFileType = sourcecode.swift; path = ContentView.swift; sourceTree = "<group>"; };
		FF000000000000000000010D /* DayView.swift */ = {isa = PBXFileReference; lastKnownFileType = sourcecode.swift; path = DayView.swift; sourceTree = "<group>"; };
		FF000000000000000000010F /* Enums.swift */ = {isa = PBXFileReference; lastKnownFileType = sourcecode.swift; path = Enums.swift; sourceTree = "<group>"; };
		FF0000000000000000000111 /* EventKitService.swift */ = {isa = PBXFileReference; lastKnownFileType = sourcecode.swift; path = EventKitService.swift; sourceTree = "<group>"; };
		FF0000000000000000000113 /* LocationPickerView.swift */ = {isa = PBXFileReference; lastKnownFileType = sourcecode.swift; path = LocationPickerView.swift; sourceTree = "<group>"; };
		FF0000000000000000000115 /* MorphCalendar.swift */ = {isa = PBXFileReference; lastKnownFileType = sourcecode.swift; path = MorphCalendar.swift; sourceTree = "<group>"; };
		FF0000000000000000000117 /* NotificationService.swift */ = {isa = PBXFileReference; lastKnownFileType = sourcecode.swift; path = NotificationService.swift; sourceTree = "<group>"; };
		FF0000000000000000000119 /* PreviewData.swift */ = {isa = PBXFileReference; lastKnownFileType = sourcecode.swift; path = PreviewData.swift; sourceTree = "<group>"; };
		FF000000000000000000011B /* SupportingModels.swift */ = {isa = PBXFileReference; lastKnownFileType = sourcecode.swift; path = SupportingModels.swift; sourceTree = "<group>"; };
		FF000000000000000000011D /* TaskDetailView.swift */ = {isa = PBXFileReference; lastKnownFileType = sourcecode.swift; path = TaskDetailView.swift; sourceTree = "<group>"; };
		FF000000000000000000011F /* TaskItem.swift */ = {isa = PBXFileReference; lastKnownFileType = sourcecode.swift; path = TaskItem.swift; sourceTree = "<group>"; };
		FF0000000000000000000121 /* WeatherProvider.swift */ = {isa = PBXFileReference; lastKnownFileType = sourcecode.swift; path = WeatherProvider.swift; sourceTree = "<group>"; };
		FF0000000000000000000123 /* WeekView.swift */ = {isa = PBXFileReference; lastKnownFileType = sourcecode.swift; path = WeekView.swift; sourceTree = "<group>"; };
		FF0000000000000000000125 /* YearView.swift */ = {isa = PBXFileReference; lastKnownFileType = sourcecode.swift; path = YearView.swift; sourceTree = "<group>"; };
		FF0000000000000000000127 /* str_8__ToDoApp.swift */ = {isa = PBXFileReference; lastKnownFileType = sourcecode.swift; path = str_8__ToDoApp.swift; sourceTree = "<group>"; };
		FF0000000000000000000129 /* Assets.xcassets */ = {isa = PBXFileReference; lastKnownFileType = folder.assetcatalog; path = Assets.xcassets; sourceTree = "<group>"; };
		FF000000000000000000012C /* BandModels.swift */ = {isa = PBXFileReference; lastKnownFileType = sourcecode.swift; path = BandModels.swift; sourceTree = "<group>"; };
		FF000000000000000000012E /* TaskCardView.swift */ = {isa = PBXFileReference; lastKnownFileType = sourcecode.swift; path = TaskCardView.swift; sourceTree = "<group>"; };
		FF0000000000000000000130 /* DayAgendaView.swift */ = {isa = PBXFileReference; lastKnownFileType = sourcecode.swift; path = DayAgendaView.swift; sourceTree = "<group>"; };
		FF0000000000000000000132 /* DayRowBuilder.swift */ = {isa = PBXFileReference; lastKnownFileType = sourcecode.swift; path = DayRowBuilder.swift; sourceTree = "<group>"; };
		FF0000000000000000000134 /* WeekLayout.swift */ = {isa = PBXFileReference; lastKnownFileType = sourcecode.swift; path = WeekLayout.swift; sourceTree = "<group>"; };
		FF0000000000000000000136 /* CapsuleOverlay.swift */ = {isa = PBXFileReference; lastKnownFileType = sourcecode.swift; path = CapsuleOverlay.swift; sourceTree = "<group>"; };
		FF0000000000000000000138 /* SortDeckEngine.swift */ = {isa = PBXFileReference; lastKnownFileType = sourcecode.swift; path = SortDeckEngine.swift; sourceTree = "<group>"; };
		FF000000000000000000013A /* SortDeckView.swift */ = {isa = PBXFileReference; lastKnownFileType = sourcecode.swift; path = SortDeckView.swift; sourceTree = "<group>"; };
		FF000000000000000000013C /* TodoListView.swift */ = {isa = PBXFileReference; lastKnownFileType = sourcecode.swift; path = TodoListView.swift; sourceTree = "<group>"; };
		FF000000000000000000013E /* Formatting.swift */ = {isa = PBXFileReference; lastKnownFileType = sourcecode.swift; path = Formatting.swift; sourceTree = "<group>"; };
		FF0000000000000000000140 /* FocusSession.swift */ = {isa = PBXFileReference; lastKnownFileType = sourcecode.swift; path = FocusSession.swift; sourceTree = "<group>"; };
		FF0000000000000000000142 /* HourglassMotion.swift */ = {isa = PBXFileReference; lastKnownFileType = sourcecode.swift; path = HourglassMotion.swift; sourceTree = "<group>"; };
		FF0000000000000000000144 /* TimerView.swift */ = {isa = PBXFileReference; lastKnownFileType = sourcecode.swift; path = TimerView.swift; sourceTree = "<group>"; };
		FF0000000000000000000146 /* AlarmService.swift */ = {isa = PBXFileReference; lastKnownFileType = sourcecode.swift; path = AlarmService.swift; sourceTree = "<group>"; };
		FF0000000000000000000148 /* ApprovalQueueView.swift */ = {isa = PBXFileReference; lastKnownFileType = sourcecode.swift; path = ApprovalQueueView.swift; sourceTree = "<group>"; };
		FF000000000000000000014A /* ChopDetector.swift */ = {isa = PBXFileReference; lastKnownFileType = sourcecode.swift; path = ChopDetector.swift; sourceTree = "<group>"; };
		FF000000000000000000014C /* PeerSession.swift */ = {isa = PBXFileReference; lastKnownFileType = sourcecode.swift; path = PeerSession.swift; sourceTree = "<group>"; };
		FF000000000000000000014E /* ProximityGate.swift */ = {isa = PBXFileReference; lastKnownFileType = sourcecode.swift; path = ProximityGate.swift; sourceTree = "<group>"; };
		FF0000000000000000000150 /* ApprovalMessage.swift */ = {isa = PBXFileReference; lastKnownFileType = sourcecode.swift; path = ApprovalMessage.swift; sourceTree = "<group>"; };
/* End PBXFileReference section */

/* Begin PBXFrameworksBuildPhase section */
		A116F6202FE51E57005A6590 /* Frameworks */ = {
			isa = PBXFrameworksBuildPhase;
			buildActionMask = 2147483647;
			files = (
			);
			runOnlyForDeploymentPostprocessing = 0;
		};
/* End PBXFrameworksBuildPhase section */

/* Begin PBXGroup section */
		A116F61A2FE51E57005A6590 = {
			isa = PBXGroup;
			children = (
				FF000000000000000000012B /* str(8) ToDo */,
				A116F6242FE51E57005A6590 /* Products */,
			);
			sourceTree = "<group>";
		};
		A116F6242FE51E57005A6590 /* Products */ = {
			isa = PBXGroup;
			children = (
				A116F6232FE51E57005A6590 /* str(8) ToDo.app */,
			);
			name = Products;
			sourceTree = "<group>";
		};
		FF000000000000000000012B /* str(8) ToDo */ = {
			isa = PBXGroup;
			children = (
				A116F6B42FECC2F5005A6590 /* str(8) ToDo.entitlements */,
				FF0000000000000000000101 /* AddTaskSheet.swift */,
				FF0000000000000000000146 /* AlarmService.swift */,
				FF0000000000000000000148 /* ApprovalQueueView.swift */,
				FF0000000000000000000150 /* ApprovalMessage.swift */,
				FF0000000000000000000103 /* AppSettings.swift */,
				FF000000000000000000012C /* BandModels.swift */,
				FF0000000000000000000105 /* CalendarSettingsView.swift */,
				FF0000000000000000000136 /* CapsuleOverlay.swift */,
				FF000000000000000000014A /* ChopDetector.swift */,
				FF0000000000000000000107 /* CategoryPickerView.swift */,
				FF0000000000000000000109 /* Color+Hex.swift */,
				FF000000000000000000010B /* ContentView.swift */,
				FF0000000000000000000130 /* DayAgendaView.swift */,
				FF0000000000000000000132 /* DayRowBuilder.swift */,
				FF000000000000000000010D /* DayView.swift */,
				FF000000000000000000010F /* Enums.swift */,
				FF0000000000000000000111 /* EventKitService.swift */,
				FF0000000000000000000140 /* FocusSession.swift */,
				FF000000000000000000013E /* Formatting.swift */,
				FF0000000000000000000142 /* HourglassMotion.swift */,
				FF0000000000000000000113 /* LocationPickerView.swift */,
				FF0000000000000000000115 /* MorphCalendar.swift */,
				FF0000000000000000000117 /* NotificationService.swift */,
				FF0000000000000000000119 /* PreviewData.swift */,
				FF000000000000000000014C /* PeerSession.swift */,
				FF0000000000000000000138 /* SortDeckEngine.swift */,
				FF000000000000000000013A /* SortDeckView.swift */,
				FF000000000000000000014E /* ProximityGate.swift */,
				FF000000000000000000011B /* SupportingModels.swift */,
				FF000000000000000000012E /* TaskCardView.swift */,
				FF000000000000000000011D /* TaskDetailView.swift */,
				FF000000000000000000011F /* TaskItem.swift */,
				FF0000000000000000000144 /* TimerView.swift */,
				FF000000000000000000013C /* TodoListView.swift */,
				FF0000000000000000000121 /* WeatherProvider.swift */,
				FF0000000000000000000134 /* WeekLayout.swift */,
				FF0000000000000000000123 /* WeekView.swift */,
				FF0000000000000000000125 /* YearView.swift */,
				FF0000000000000000000127 /* str_8__ToDoApp.swift */,
				FF0000000000000000000129 /* Assets.xcassets */,
			);
			path = "str(8) ToDo";
			sourceTree = "<group>";
		};
/* End PBXGroup section */

/* Begin PBXNativeTarget section */
		A116F6222FE51E57005A6590 /* str(8) ToDo */ = {
			isa = PBXNativeTarget;
			buildConfigurationList = A116F62E2FE51E58005A6590 /* Build configuration list for PBXNativeTarget "str(8) ToDo" */;
			buildPhases = (
				A116F61F2FE51E57005A6590 /* Sources */,
				A116F6202FE51E57005A6590 /* Frameworks */,
				A116F6212FE51E57005A6590 /* Resources */,
			);
			buildRules = (
			);
			dependencies = (
			);
			name = "str(8) ToDo";
			productName = "str(8) ToDo";
			productReference = A116F6232FE51E57005A6590 /* str(8) ToDo.app */;
			productType = "com.apple.product-type.application";
		};
/* End PBXNativeTarget section */

/* Begin PBXProject section */
		A116F61B2FE51E57005A6590 /* Project object */ = {
			isa = PBXProject;
			attributes = {
				BuildIndependentTargetsInParallel = 1;
				LastSwiftUpdateCheck = 2650;
				LastUpgradeCheck = 2650;
				TargetAttributes = {
					A116F6222FE51E57005A6590 = {
						CreatedOnToolsVersion = 26.5;
					};
				};
			};
			buildConfigurationList = A116F61E2FE51E57005A6590 /* Build configuration list for PBXProject "str(8) ToDo" */;
			developmentRegion = en;
			hasScannedForEncodings = 0;
			knownRegions = (
				en,
				Base,
			);
			mainGroup = A116F61A2FE51E57005A6590;
			minimizedProjectReferenceProxies = 1;
			preferredProjectObjectVersion = 77;
			productRefGroup = A116F6242FE51E57005A6590 /* Products */;
			projectDirPath = "";
			projectRoot = "";
			targets = (
				A116F6222FE51E57005A6590 /* str(8) ToDo */,
			);
		};
/* End PBXProject section */

/* Begin PBXResourcesBuildPhase section */
		A116F6212FE51E57005A6590 /* Resources */ = {
			isa = PBXResourcesBuildPhase;
			buildActionMask = 2147483647;
			files = (
				FF000000000000000000012A /* Assets.xcassets in Resources */,
			);
			runOnlyForDeploymentPostprocessing = 0;
		};
/* End PBXResourcesBuildPhase section */

/* Begin PBXSourcesBuildPhase section */
		A116F61F2FE51E57005A6590 /* Sources */ = {
			isa = PBXSourcesBuildPhase;
			buildActionMask = 2147483647;
			files = (
				FF0000000000000000000102 /* AddTaskSheet.swift in Sources */,
				FF0000000000000000000147 /* AlarmService.swift in Sources */,
				FF0000000000000000000149 /* ApprovalQueueView.swift in Sources */,
				FF0000000000000000000151 /* ApprovalMessage.swift in Sources */,
				FF0000000000000000000104 /* AppSettings.swift in Sources */,
				FF000000000000000000012D /* BandModels.swift in Sources */,
				FF0000000000000000000106 /* CalendarSettingsView.swift in Sources */,
				FF0000000000000000000137 /* CapsuleOverlay.swift in Sources */,
				FF000000000000000000014B /* ChopDetector.swift in Sources */,
				FF0000000000000000000108 /* CategoryPickerView.swift in Sources */,
				FF000000000000000000010A /* Color+Hex.swift in Sources */,
				FF000000000000000000010C /* ContentView.swift in Sources */,
				FF0000000000000000000131 /* DayAgendaView.swift in Sources */,
				FF0000000000000000000133 /* DayRowBuilder.swift in Sources */,
				FF000000000000000000010E /* DayView.swift in Sources */,
				FF0000000000000000000110 /* Enums.swift in Sources */,
				FF0000000000000000000112 /* EventKitService.swift in Sources */,
				FF0000000000000000000141 /* FocusSession.swift in Sources */,
				FF000000000000000000013F /* Formatting.swift in Sources */,
				FF0000000000000000000143 /* HourglassMotion.swift in Sources */,
				FF0000000000000000000114 /* LocationPickerView.swift in Sources */,
				FF0000000000000000000116 /* MorphCalendar.swift in Sources */,
				FF0000000000000000000118 /* NotificationService.swift in Sources */,
				FF000000000000000000011A /* PreviewData.swift in Sources */,
				FF000000000000000000014D /* PeerSession.swift in Sources */,
				FF0000000000000000000139 /* SortDeckEngine.swift in Sources */,
				FF000000000000000000013B /* SortDeckView.swift in Sources */,
				FF000000000000000000014F /* ProximityGate.swift in Sources */,
				FF000000000000000000011C /* SupportingModels.swift in Sources */,
				FF000000000000000000012F /* TaskCardView.swift in Sources */,
				FF000000000000000000011E /* TaskDetailView.swift in Sources */,
				FF0000000000000000000120 /* TaskItem.swift in Sources */,
				FF0000000000000000000145 /* TimerView.swift in Sources */,
				FF000000000000000000013D /* TodoListView.swift in Sources */,
				FF0000000000000000000122 /* WeatherProvider.swift in Sources */,
				FF0000000000000000000135 /* WeekLayout.swift in Sources */,
				FF0000000000000000000124 /* WeekView.swift in Sources */,
				FF0000000000000000000126 /* YearView.swift in Sources */,
				FF0000000000000000000128 /* str_8__ToDoApp.swift in Sources */,
			);
			runOnlyForDeploymentPostprocessing = 0;
		};
/* End PBXSourcesBuildPhase section */

/* Begin XCBuildConfiguration section */
		A116F62C2FE51E58005A6590 /* Debug */ = {
			isa = XCBuildConfiguration;
			buildSettings = {
				ALWAYS_SEARCH_USER_PATHS = NO;
				ASSETCATALOG_COMPILER_GENERATE_SWIFT_ASSET_SYMBOL_EXTENSIONS = YES;
				CLANG_ENABLE_MODULES = YES;
				CLANG_ENABLE_OBJC_ARC = YES;
				CLANG_WARN_BOOL_CONVERSION = YES;
				CLANG_WARN_UNREACHABLE_CODE = YES;
				DEBUG_INFORMATION_FORMAT = dwarf;
				DEVELOPMENT_TEAM = AT32Z655YX;
				ENABLE_TESTABILITY = YES;
				ENABLE_USER_SCRIPT_SANDBOXING = YES;
				GCC_C_LANGUAGE_STANDARD = gnu17;
				GCC_OPTIMIZATION_LEVEL = 0;
				GCC_PREPROCESSOR_DEFINITIONS = (
					"DEBUG=1",
					"$(inherited)",
				);
				GENERATE_INFOPLIST_FILE = YES;
				IPHONEOS_DEPLOYMENT_TARGET = 26.5;
				LOCALIZATION_PREFERS_STRING_CATALOGS = YES;
				MTL_ENABLE_DEBUG_INFO = INCLUDE_SOURCE;
				MTL_FAST_MATH = YES;
				ONLY_ACTIVE_ARCH = YES;
				SDKROOT = iphoneos;
				SWIFT_ACTIVE_COMPILATION_CONDITIONS = "DEBUG $(inherited)";
				SWIFT_OPTIMIZATION_LEVEL = "-Onone";
			};
			name = Debug;
		};
		A116F62D2FE51E58005A6590 /* Release */ = {
			isa = XCBuildConfiguration;
			buildSettings = {
				ALWAYS_SEARCH_USER_PATHS = NO;
				ASSETCATALOG_COMPILER_GENERATE_SWIFT_ASSET_SYMBOL_EXTENSIONS = YES;
				CLANG_ENABLE_MODULES = YES;
				CLANG_ENABLE_OBJC_ARC = YES;
				CLANG_WARN_BOOL_CONVERSION = YES;
				CLANG_WARN_UNREACHABLE_CODE = YES;
				DEBUG_INFORMATION_FORMAT = "dwarf-with-dsym";
				DEVELOPMENT_TEAM = AT32Z655YX;
				ENABLE_NS_ASSERTIONS = NO;
				ENABLE_USER_SCRIPT_SANDBOXING = YES;
				GCC_C_LANGUAGE_STANDARD = gnu17;
				GENERATE_INFOPLIST_FILE = YES;
				IPHONEOS_DEPLOYMENT_TARGET = 26.5;
				LOCALIZATION_PREFERS_STRING_CATALOGS = YES;
				MTL_ENABLE_DEBUG_INFO = NO;
				MTL_FAST_MATH = YES;
				SDKROOT = iphoneos;
				SWIFT_COMPILATION_MODE = wholemodule;
				VALIDATE_PRODUCT = YES;
			};
			name = Release;
		};
		A116F62F2FE51E58005A6590 /* Debug */ = {
			isa = XCBuildConfiguration;
			buildSettings = {
				ASSETCATALOG_COMPILER_APPICON_NAME = AppIcon;
				ASSETCATALOG_COMPILER_GLOBAL_ACCENT_COLOR_NAME = AccentColor;
				CODE_SIGN_ENTITLEMENTS = "str(8) ToDo/str(8) ToDo.entitlements";
				CODE_SIGN_STYLE = Automatic;
				CURRENT_PROJECT_VERSION = 1;
				DEVELOPMENT_TEAM = AT32Z655YX;
				ENABLE_PREVIEWS = YES;
				GENERATE_INFOPLIST_FILE = YES;
				INFOPLIST_FILE = "str(8) ToDo/info.plist";
				INFOPLIST_KEY_CFBundleDisplayName = "ーToDo";
				INFOPLIST_KEY_LSApplicationCategoryType = "public.app-category.productivity";
				INFOPLIST_KEY_NSCalendarsFullAccessUsageDescription = "予定をカレンダーに重ねて表示するために、カレンダーへの読み取りアクセスを使用します。書き込みや同期は行いません。";
				INFOPLIST_KEY_NSAlarmKitUsageDescription = "タイマーの終了をロック中・サイレント中でも確実に知らせるために使用します。";
				INFOPLIST_KEY_NSLocationWhenInUseUsageDescription = "日の出・天気と出発時刻の計算のために現在地を使用します。位置情報は端末内でのみ利用します。";
				INFOPLIST_KEY_NSMotionUsageDescription = "砂時計タイマーの姿勢検出（伏せて開始・起こして一時停止）に使用します。";
				INFOPLIST_KEY_NSLocalNetworkUsageDescription = "ペア承認のため、近くの相手の端末とローカルネットワークで直接通信します。";
				INFOPLIST_KEY_NSNearbyInteractionUsageDescription = "承認時に相手の端末との距離を測り、近接しているときだけ確定できるようにします。";
				INFOPLIST_KEY_UIApplicationSceneManifest_Generation = YES;
				INFOPLIST_KEY_UIApplicationSupportsIndirectInputEvents = YES;
				INFOPLIST_KEY_UILaunchScreen_Generation = YES;
				INFOPLIST_KEY_UISupportedInterfaceOrientations_iPad = "UIInterfaceOrientationPortrait UIInterfaceOrientationPortraitUpsideDown UIInterfaceOrientationLandscapeLeft UIInterfaceOrientationLandscapeRight";
				INFOPLIST_KEY_UISupportedInterfaceOrientations_iPhone = "UIInterfaceOrientationPortrait UIInterfaceOrientationLandscapeLeft UIInterfaceOrientationLandscapeRight";
				LD_RUNPATH_SEARCH_PATHS = (
					"$(inherited)",
					"@executable_path/Frameworks",
				);
				MARKETING_VERSION = 1.0;
				PRODUCT_BUNDLE_IDENTIFIER = str8.todo.str8;
				PRODUCT_NAME = "$(TARGET_NAME)";
				SWIFT_APPROACHABLE_CONCURRENCY = YES;
				SWIFT_DEFAULT_ACTOR_ISOLATION = MainActor;
				SWIFT_EMIT_LOC_STRINGS = YES;
				SWIFT_VERSION = 5.0;
				TARGETED_DEVICE_FAMILY = "1,2";
			};
			name = Debug;
		};
		A116F6302FE51E58005A6590 /* Release */ = {
			isa = XCBuildConfiguration;
			buildSettings = {
				ASSETCATALOG_COMPILER_APPICON_NAME = AppIcon;
				ASSETCATALOG_COMPILER_GLOBAL_ACCENT_COLOR_NAME = AccentColor;
				CODE_SIGN_ENTITLEMENTS = "str(8) ToDo/str(8) ToDo.entitlements";
				CODE_SIGN_STYLE = Automatic;
				CURRENT_PROJECT_VERSION = 1;
				DEVELOPMENT_TEAM = AT32Z655YX;
				ENABLE_PREVIEWS = YES;
				GENERATE_INFOPLIST_FILE = YES;
				INFOPLIST_FILE = "str(8) ToDo/info.plist";
				INFOPLIST_KEY_CFBundleDisplayName = "ーToDo";
				INFOPLIST_KEY_LSApplicationCategoryType = "public.app-category.productivity";
				INFOPLIST_KEY_NSCalendarsFullAccessUsageDescription = "予定をカレンダーに重ねて表示するために、カレンダーへの読み取りアクセスを使用します。書き込みや同期は行いません。";
				INFOPLIST_KEY_NSAlarmKitUsageDescription = "タイマーの終了をロック中・サイレント中でも確実に知らせるために使用します。";
				INFOPLIST_KEY_NSLocationWhenInUseUsageDescription = "日の出・天気と出発時刻の計算のために現在地を使用します。位置情報は端末内でのみ利用します。";
				INFOPLIST_KEY_NSMotionUsageDescription = "砂時計タイマーの姿勢検出（伏せて開始・起こして一時停止）に使用します。";
				INFOPLIST_KEY_NSLocalNetworkUsageDescription = "ペア承認のため、近くの相手の端末とローカルネットワークで直接通信します。";
				INFOPLIST_KEY_NSNearbyInteractionUsageDescription = "承認時に相手の端末との距離を測り、近接しているときだけ確定できるようにします。";
				INFOPLIST_KEY_UIApplicationSceneManifest_Generation = YES;
				INFOPLIST_KEY_UIApplicationSupportsIndirectInputEvents = YES;
				INFOPLIST_KEY_UILaunchScreen_Generation = YES;
				INFOPLIST_KEY_UISupportedInterfaceOrientations_iPad = "UIInterfaceOrientationPortrait UIInterfaceOrientationPortraitUpsideDown UIInterfaceOrientationLandscapeLeft UIInterfaceOrientationLandscapeRight";
				INFOPLIST_KEY_UISupportedInterfaceOrientations_iPhone = "UIInterfaceOrientationPortrait UIInterfaceOrientationLandscapeLeft UIInterfaceOrientationLandscapeRight";
				LD_RUNPATH_SEARCH_PATHS = (
					"$(inherited)",
					"@executable_path/Frameworks",
				);
				MARKETING_VERSION = 1.0;
				PRODUCT_BUNDLE_IDENTIFIER = str8.todo.str8;
				PRODUCT_NAME = "$(TARGET_NAME)";
				SWIFT_APPROACHABLE_CONCURRENCY = YES;
				SWIFT_DEFAULT_ACTOR_ISOLATION = MainActor;
				SWIFT_EMIT_LOC_STRINGS = YES;
				SWIFT_VERSION = 5.0;
				TARGETED_DEVICE_FAMILY = "1,2";
			};
			name = Release;
		};
/* End XCBuildConfiguration section */

/* Begin XCConfigurationList section */
		A116F61E2FE51E57005A6590 /* Build configuration list for PBXProject "str(8) ToDo" */ = {
			isa = XCConfigurationList;
			buildConfigurations = (
				A116F62C2FE51E58005A6590 /* Debug */,
				A116F62D2FE51E58005A6590 /* Release */,
			);
			defaultConfigurationIsVisible = 0;
			defaultConfigurationName = Release;
		};
		A116F62E2FE51E58005A6590 /* Build configuration list for PBXNativeTarget "str(8) ToDo" */ = {
			isa = XCConfigurationList;
			buildConfigurations = (
				A116F62F2FE51E58005A6590 /* Debug */,
				A116F6302FE51E58005A6590 /* Release */,
			);
			defaultConfigurationIsVisible = 0;
			defaultConfigurationName = Release;
		};
/* End XCConfigurationList section */
	};
	rootObject = A116F61B2FE51E57005A6590 /* Project object */;
}
